
Microsoft Visual Studio Solution File, Format Version 12.00
# Visual Studio Version 16
VisualStudioVersion = 16.0.35931.194
MinimumVisualStudioVersion = 10.0.40219.1
Project("{FAE04EC0-301F-11D3-BF4B-00C04F79EFBC}") = "QuanLySinhVienN5", "QuanLySinhVienN5.csproj", "{CA20F31F-EB51-41CA-846A-2BEFD003602D}"
EndProject
Global
	GlobalSection(SolutionConfigurationPlatforms) = preSolution
		Debug|Any CPU = Debug|Any CPU
		Release|Any CPU = Release|Any CPU
	EndGlobalSection
	GlobalSection(ProjectConfigurationPlatforms) = postSolution
		{CA20F31F-EB51-41CA-846A-2BEFD003602D}.Debug|Any CPU.ActiveCfg = Debug|Any CPU
		{CA20F31F-EB51-41CA-846A-2BEFD003602D}.Debug|Any CPU.Build.0 = Debug|Any CPU
		{CA20F31F-EB51-41CA-846A-2BEFD003602D}.Release|Any CPU.ActiveCfg = Release|Any CPU
		{CA20F31F-EB51-41CA-846A-2BEFD003602D}.Release|Any CPU.Build.0 = Release|Any CPU
	EndGlobalSection
	GlobalSection(SolutionProperties) = preSolution
		HideSolutionNode = FALSE
	EndGlobalSection
	GlobalSection(ExtensibilityGlobals) = postSolution
		SolutionGuid = {3D6F76DA-AE5B-46C5-9F61-39E35CC81BA1}
	EndGlobalSection
EndGlobal
